
Microsoft Visual Studio Solution File, Format Version 12.00
# Visual Studio Version 17
VisualStudioVersion = 17.1.32228.430
MinimumVisualStudioVersion = 10.0.40219.1
Project("{FAE04EC0-301F-11D3-BF4B-00C04F79EFBC}") = "ProvedbaISortiranjeTransakcija", "ProvedbaISortiranjeTransakcija\ProvedbaISortiranjeTransakcija.csproj", "{2DE13AC2-005B-4A10-88BE-7A97B0B41FE7}"
EndProject
Global
	GlobalSection(SolutionConfigurationPlatforms) = preSolution
		Debug|Any CPU = Debug|Any CPU
		Release|Any CPU = Release|Any CPU
	EndGlobalSection
	GlobalSection(ProjectConfigurationPlatforms) = postSolution
		{2DE13AC2-005B-4A10-88BE-7A97B0B41FE7}.Debug|Any CPU.ActiveCfg = Debug|Any CPU
		{2DE13AC2-005B-4A10-88BE-7A97B0B41FE7}.Debug|Any CPU.Build.0 = Debug|Any CPU
		{2DE13AC2-005B-4A10-88BE-7A97B0B41FE7}.Release|Any CPU.ActiveCfg = Release|Any CPU
		{2DE13AC2-005B-4A10-88BE-7A97B0B41FE7}.Release|Any CPU.Build.0 = Release|Any CPU
	EndGlobalSection
	GlobalSection(SolutionProperties) = preSolution
		HideSolutionNode = FALSE
	EndGlobalSection
	GlobalSection(ExtensibilityGlobals) = postSolution
		SolutionGuid = {0FF5855F-50BF-4285-A66F-204C32486472}
	EndGlobalSection
EndGlobal
