
Microsoft Visual Studio Solution File, Format Version 12.00
# Visual Studio Version 17
VisualStudioVersion = 17.1.32228.430
MinimumVisualStudioVersion = 10.0.40219.1
Project("{FAE04EC0-301F-11D3-BF4B-00C04F79EFBC}") = "StudentiITimovi", "StudentiITimovi\StudentiITimovi.csproj", "{B20E6488-9127-401A-AA63-D428D70F5690}"
EndProject
Global
	GlobalSection(SolutionConfigurationPlatforms) = preSolution
		Debug|Any CPU = Debug|Any CPU
		Release|Any CPU = Release|Any CPU
	EndGlobalSection
	GlobalSection(ProjectConfigurationPlatforms) = postSolution
		{B20E6488-9127-401A-AA63-D428D70F5690}.Debug|Any CPU.ActiveCfg = Debug|Any CPU
		{B20E6488-9127-401A-AA63-D428D70F5690}.Debug|Any CPU.Build.0 = Debug|Any CPU
		{B20E6488-9127-401A-AA63-D428D70F5690}.Release|Any CPU.ActiveCfg = Release|Any CPU
		{B20E6488-9127-401A-AA63-D428D70F5690}.Release|Any CPU.Build.0 = Release|Any CPU
	EndGlobalSection
	GlobalSection(SolutionProperties) = preSolution
		HideSolutionNode = FALSE
	EndGlobalSection
	GlobalSection(ExtensibilityGlobals) = postSolution
		SolutionGuid = {49F5E3DD-662B-474E-BCD2-0C339567FCDD}
	EndGlobalSection
EndGlobal
